// !$*UTF8*$!
{
	archiveVersion = 1;
	classes = {
	};
	objectVersion = 56;
	objects = {

/* Begin PBXBuildFile section */
		490F0BC929E48A52003F4921 /* Nuke in Frameworks */ = {isa = PBXBuildFile; productRef = 490F0BC829E48A52003F4921 /* Nuke */; };
		494EB55129D4DEFA008B0932 /* Team.swift in Sources */ = {isa = PBXBuildFile; fileRef = 494EB55029D4DEFA008B0932 /* Team.swift */; };
		49C8F69729D252810059CAC7 /* TeamDetailViewController.swift in Sources */ = {isa = PBXBuildFile; fileRef = 49C8F69629D252810059CAC7 /* TeamDetailViewController.swift */; };
		5D866A4829CBBA7A00CF9D2D /* GameTableViewController.swift in Sources */ = {isa = PBXBuildFile; fileRef = 5D866A4729CBBA7A00CF9D2D /* GameTableViewController.swift */; };
		5DEA01B129D11D8E00BCD8C0 /* TeamTableViewController.swift in Sources */ = {isa = PBXBuildFile; fileRef = 5DEA01B029D11D8E00BCD8C0 /* TeamTableViewController.swift */; };
		5DF82FB029C913B400646152 /* AppDelegate.swift in Sources */ = {isa = PBXBuildFile; fileRef = 5DF82FAF29C913B400646152 /* AppDelegate.swift */; };
		5DF82FB229C913B400646152 /* SceneDelegate.swift in Sources */ = {isa = PBXBuildFile; fileRef = 5DF82FB129C913B400646152 /* SceneDelegate.swift */; };
		5DF82FB429C913B400646152 /* ViewController.swift in Sources */ = {isa = PBXBuildFile; fileRef = 5DF82FB329C913B400646152 /* ViewController.swift */; };
		5DF82FB729C913B400646152 /* Main.storyboard in Resources */ = {isa = PBXBuildFile; fileRef = 5DF82FB529C913B400646152 /* Main.storyboard */; };
		5DF82FB929C913B500646152 /* Assets.xcassets in Resources */ = {isa = PBXBuildFile; fileRef = 5DF82FB829C913B500646152 /* Assets.xcassets */; };
		5DF82FBC29C913B500646152 /* LaunchScreen.storyboard in Resources */ = {isa = PBXBuildFile; fileRef = 5DF82FBA29C913B500646152 /* LaunchScreen.storyboard */; };
		5DF82FC429C9148200646152 /* Home.storyboard in Resources */ = {isa = PBXBuildFile; fileRef = 5DF82FC329C9148200646152 /* Home.storyboard */; };
		5DF82FC629C9149200646152 /* Teams.storyboard in Resources */ = {isa = PBXBuildFile; fileRef = 5DF82FC529C9149200646152 /* Teams.storyboard */; };
		5DF82FC829C9149F00646152 /* Players.storyboard in Resources */ = {isa = PBXBuildFile; fileRef = 5DF82FC729C9149F00646152 /* Players.storyboard */; };
		8A19080929D0AA270089AE1F /* PlayerTableViewController.swift in Sources */ = {isa = PBXBuildFile; fileRef = 8A19080829D0AA270089AE1F /* PlayerTableViewController.swift */; };
		8A19080D29D0B10B0089AE1F /* PlayerViewController.swift in Sources */ = {isa = PBXBuildFile; fileRef = 8A19080C29D0B10B0089AE1F /* PlayerViewController.swift */; };
/* End PBXBuildFile section */

/* Begin PBXFileReference section */
		494EB55029D4DEFA008B0932 /* Team.swift */ = {isa = PBXFileReference; lastKnownFileType = sourcecode.swift; path = Team.swift; sourceTree = "<group>"; };
		49C8F69629D252810059CAC7 /* TeamDetailViewController.swift */ = {isa = PBXFileReference; lastKnownFileType = sourcecode.swift; path = TeamDetailViewController.swift; sourceTree = "<group>"; };
		5D866A4729CBBA7A00CF9D2D /* GameTableViewController.swift */ = {isa = PBXFileReference; lastKnownFileType = sourcecode.swift; path = GameTableViewController.swift; sourceTree = "<group>"; };
		5DEA01B029D11D8E00BCD8C0 /* TeamTableViewController.swift */ = {isa = PBXFileReference; lastKnownFileType = sourcecode.swift; path = TeamTableViewController.swift; sourceTree = "<group>"; };
		5DF82FAC29C913B400646152 /* NBA Stat Tracker.app */ = {isa = PBXFileReference; explicitFileType = wrapper.application; includeInIndex = 0; path = "NBA Stat Tracker.app"; sourceTree = BUILT_PRODUCTS_DIR; };
		5DF82FAF29C913B400646152 /* AppDelegate.swift */ = {isa = PBXFileReference; lastKnownFileType = sourcecode.swift; path = AppDelegate.swift; sourceTree = "<group>"; };
		5DF82FB129C913B400646152 /* SceneDelegate.swift */ = {isa = PBXFileReference; lastKnownFileType = sourcecode.swift; path = SceneDelegate.swift; sourceTree = "<group>"; };
		5DF82FB329C913B400646152 /* ViewController.swift */ = {isa = PBXFileReference; lastKnownFileType = sourcecode.swift; path = ViewController.swift; sourceTree = "<group>"; };
		5DF82FB629C913B400646152 /* Base */ = {isa = PBXFileReference; lastKnownFileType = file.storyboard; name = Base; path = Base.lproj/Main.storyboard; sourceTree = "<group>"; };
		5DF82FB829C913B500646152 /* Assets.xcassets */ = {isa = PBXFileReference; lastKnownFileType = folder.assetcatalog; path = Assets.xcassets; sourceTree = "<group>"; };
		5DF82FBB29C913B500646152 /* Base */ = {isa = PBXFileReference; lastKnownFileType = file.storyboard; name = Base; path = Base.lproj/LaunchScreen.storyboard; sourceTree = "<group>"; };
		5DF82FBD29C913B500646152 /* Info.plist */ = {isa = PBXFileReference; lastKnownFileType = text.plist.xml; path = Info.plist; sourceTree = "<group>"; };
		5DF82FC329C9148200646152 /* Home.storyboard */ = {isa = PBXFileReference; lastKnownFileType = file.storyboard; path = Home.storyboard; sourceTree = "<group>"; };
		5DF82FC529C9149200646152 /* Teams.storyboard */ = {isa = PBXFileReference; lastKnownFileType = file.storyboard; path = Teams.storyboard; sourceTree = "<group>"; };
		5DF82FC729C9149F00646152 /* Players.storyboard */ = {isa = PBXFileReference; lastKnownFileType = file.storyboard; path = Players.storyboard; sourceTree = "<group>"; };
		8A19080829D0AA270089AE1F /* PlayerTableViewController.swift */ = {isa = PBXFileReference; lastKnownFileType = sourcecode.swift; path = PlayerTableViewController.swift; sourceTree = "<group>"; };
		8A19080C29D0B10B0089AE1F /* PlayerViewController.swift */ = {isa = PBXFileReference; lastKnownFileType = sourcecode.swift; path = PlayerViewController.swift; sourceTree = "<group>"; };
/* End PBXFileReference section */

/* Begin PBXFrameworksBuildPhase section */
		5DF82FA929C913B400646152 /* Frameworks */ = {
			isa = PBXFrameworksBuildPhase;
			buildActionMask = 2147483647;
			files = (
				490F0BC929E48A52003F4921 /* Nuke in Frameworks */,
			);
			runOnlyForDeploymentPostprocessing = 0;
		};
/* End PBXFrameworksBuildPhase section */

/* Begin PBXGroup section */
		5DF82FA329C913B400646152 = {
			isa = PBXGroup;
			children = (
				5DF82FAE29C913B400646152 /* NBA Stat Tracker */,
				5DF82FAD29C913B400646152 /* Products */,
			);
			sourceTree = "<group>";
		};
		5DF82FAD29C913B400646152 /* Products */ = {
			isa = PBXGroup;
			children = (
				5DF82FAC29C913B400646152 /* NBA Stat Tracker.app */,
			);
			name = Products;
			sourceTree = "<group>";
		};
		5DF82FAE29C913B400646152 /* NBA Stat Tracker */ = {
			isa = PBXGroup;
			children = (
				5DF82FAF29C913B400646152 /* AppDelegate.swift */,
				5DF82FB129C913B400646152 /* SceneDelegate.swift */,
				5DF82FB329C913B400646152 /* ViewController.swift */,
				5DF82FB529C913B400646152 /* Main.storyboard */,
				5DF82FB829C913B500646152 /* Assets.xcassets */,
				5DF82FBA29C913B500646152 /* LaunchScreen.storyboard */,
				5DF82FBD29C913B500646152 /* Info.plist */,
				5DF82FC329C9148200646152 /* Home.storyboard */,
				5DF82FC529C9149200646152 /* Teams.storyboard */,
				5DF82FC729C9149F00646152 /* Players.storyboard */,
				494EB55029D4DEFA008B0932 /* Team.swift */,
				5D866A4729CBBA7A00CF9D2D /* GameTableViewController.swift */,
				8A19080829D0AA270089AE1F /* PlayerTableViewController.swift */,
				8A19080C29D0B10B0089AE1F /* PlayerViewController.swift */,
				5DEA01B029D11D8E00BCD8C0 /* TeamTableViewController.swift */,
				49C8F69629D252810059CAC7 /* TeamDetailViewController.swift */,
			);
			path = "NBA Stat Tracker";
			sourceTree = "<group>";
		};
/* End PBXGroup section */

/* Begin PBXNativeTarget section */
		5DF82FAB29C913B400646152 /* NBA Stat Tracker */ = {
			isa = PBXNativeTarget;
			buildConfigurationList = 5DF82FC029C913B500646152 /* Build configuration list for PBXNativeTarget "NBA Stat Tracker" */;
			buildPhases = (
				5DF82FA829C913B400646152 /* Sources */,
				5DF82FA929C913B400646152 /* Frameworks */,
				5DF82FAA29C913B400646152 /* Resources */,
			);
			buildRules = (
			);
			dependencies = (
			);
			name = "NBA Stat Tracker";
			packageProductDependencies = (
				490F0BC829E48A52003F4921 /* Nuke */,
			);
			productName = "NBA Stat Tracker";
			productReference = 5DF82FAC29C913B400646152 /* NBA Stat Tracker.app */;
			productType = "com.apple.product-type.application";
		};
/* End PBXNativeTarget section */

/* Begin PBXProject section */
		5DF82FA429C913B400646152 /* Project object */ = {
			isa = PBXProject;
			attributes = {
				BuildIndependentTargetsInParallel = 1;
				LastSwiftUpdateCheck = 1420;
				LastUpgradeCheck = 1420;
				TargetAttributes = {
					5DF82FAB29C913B400646152 = {
						CreatedOnToolsVersion = 14.2;
					};
				};
			};
			buildConfigurationList = 5DF82FA729C913B400646152 /* Build configuration list for PBXProject "NBA Stat Tracker" */;
			compatibilityVersion = "Xcode 14.0";
			developmentRegion = en;
			hasScannedForEncodings = 0;
			knownRegions = (
				en,
				Base,
			);
			mainGroup = 5DF82FA329C913B400646152;
			packageReferences = (
				490F0BC729E48A52003F4921 /* XCRemoteSwiftPackageReference "Nuke" */,
			);
			productRefGroup = 5DF82FAD29C913B400646152 /* Products */;
			projectDirPath = "";
			projectRoot = "";
			targets = (
				5DF82FAB29C913B400646152 /* NBA Stat Tracker */,
			);
		};
/* End PBXProject section */

/* Begin PBXResourcesBuildPhase section */
		5DF82FAA29C913B400646152 /* Resources */ = {
			isa = PBXResourcesBuildPhase;
			buildActionMask = 2147483647;
			files = (
				5DF82FBC29C913B500646152 /* LaunchScreen.storyboard in Resources */,
				5DF82FB929C913B500646152 /* Assets.xcassets in Resources */,
				5DF82FB729C913B400646152 /* Main.storyboard in Resources */,
				5DF82FC429C9148200646152 /* Home.storyboard in Resources */,
				5DF82FC629C9149200646152 /* Teams.storyboard in Resources */,
				5DF82FC829C9149F00646152 /* Players.storyboard in Resources */,
			);
			runOnlyForDeploymentPostprocessing = 0;
		};
/* End PBXResourcesBuildPhase section */

/* Begin PBXSourcesBuildPhase section */
		5DF82FA829C913B400646152 /* Sources */ = {
			isa = PBXSourcesBuildPhase;
			buildActionMask = 2147483647;
			files = (
				494EB55129D4DEFA008B0932 /* Team.swift in Sources */,
				8A19080929D0AA270089AE1F /* PlayerTableViewController.swift in Sources */,
				5DF82FB429C913B400646152 /* ViewController.swift in Sources */,
				49C8F69729D252810059CAC7 /* TeamDetailViewController.swift in Sources */,
				5D866A4829CBBA7A00CF9D2D /* GameTableViewController.swift in Sources */,
				5DF82FB029C913B400646152 /* AppDelegate.swift in Sources */,
				5DEA01B129D11D8E00BCD8C0 /* TeamTableViewController.swift in Sources */,
				5DF82FB229C913B400646152 /* SceneDelegate.swift in Sources */,
				8A19080D29D0B10B0089AE1F /* PlayerViewController.swift in Sources */,
			);
			runOnlyForDeploymentPostprocessing = 0;
		};
/* End PBXSourcesBuildPhase section */

/* Begin PBXVariantGroup section */
		5DF82FB529C913B400646152 /* Main.storyboard */ = {
			isa = PBXVariantGroup;
			children = (
				5DF82FB629C913B400646152 /* Base */,
			);
			name = Main.storyboard;
			sourceTree = "<group>";
		};
		5DF82FBA29C913B500646152 /* LaunchScreen.storyboard */ = {
			isa = PBXVariantGroup;
			children = (
				5DF82FBB29C913B500646152 /* Base */,
			);
			name = LaunchScreen.storyboard;
			sourceTree = "<group>";
		};
/* End PBXVariantGroup section */

/* Begin XCBuildConfiguration section */
		5DF82FBE29C913B500646152 /* Debug */ = {
			isa = XCBuildConfiguration;
			buildSettings = {
				ALWAYS_SEARCH_USER_PATHS = NO;
				CLANG_ANALYZER_NONNULL = YES;
				CLANG_ANALYZER_NUMBER_OBJECT_CONVERSION = YES_AGGRESSIVE;
				CLANG_CXX_LANGUAGE_STANDARD = "gnu++20";
				CLANG_ENABLE_MODULES = YES;
				CLANG_ENABLE_OBJC_ARC = YES;
				CLANG_ENABLE_OBJC_WEAK = YES;
				CLANG_WARN_BLOCK_CAPTURE_AUTORELEASING = YES;
				CLANG_WARN_BOOL_CONVERSION = YES;
				CLANG_WARN_COMMA = YES;
				CLANG_WARN_CONSTANT_CONVERSION = YES;
				CLANG_WARN_DEPRECATED_OBJC_IMPLEMENTATIONS = YES;
				CLANG_WARN_DIRECT_OBJC_ISA_USAGE = YES_ERROR;
				CLANG_WARN_DOCUMENTATION_COMMENTS = YES;
				CLANG_WARN_EMPTY_BODY = YES;
				CLANG_WARN_ENUM_CONVERSION = YES;
				CLANG_WARN_INFINITE_RECURSION = YES;
				CLANG_WARN_INT_CONVERSION = YES;
				CLANG_WARN_NON_LITERAL_NULL_CONVERSION = YES;
				CLANG_WARN_OBJC_IMPLICIT_RETAIN_SELF = YES;
				CLANG_WARN_OBJC_LITERAL_CONVERSION = YES;
				CLANG_WARN_OBJC_ROOT_CLASS = YES_ERROR;
				CLANG_WARN_QUOTED_INCLUDE_IN_FRAMEWORK_HEADER = YES;
				CLANG_WARN_RANGE_LOOP_ANALYSIS = YES;
				CLANG_WARN_STRICT_PROTOTYPES = YES;
				CLANG_WARN_SUSPICIOUS_MOVE = YES;
				CLANG_WARN_UNGUARDED_AVAILABILITY = YES_AGGRESSIVE;
				CLANG_WARN_UNREACHABLE_CODE = YES;
				CLANG_WARN__DUPLICATE_METHOD_MATCH = YES;
				COPY_PHASE_STRIP = NO;
				DEBUG_INFORMATION_FORMAT = dwarf;
				ENABLE_STRICT_OBJC_MSGSEND = YES;
				ENABLE_TESTABILITY = YES;
				GCC_C_LANGUAGE_STANDARD = gnu11;
				GCC_DYNAMIC_NO_PIC = NO;
				GCC_NO_COMMON_BLOCKS = YES;
				GCC_OPTIMIZATION_LEVEL = 0;
				GCC_PREPROCESSOR_DEFINITIONS = (
					"DEBUG=1",
					"$(inherited)",
				);
				GCC_WARN_64_TO_32_BIT_CONVERSION = YES;
				GCC_WARN_ABOUT_RETURN_TYPE = YES_ERROR;
				GCC_WARN_UNDECLARED_SELECTOR = YES;
				GCC_WARN_UNINITIALIZED_AUTOS = YES_AGGRESSIVE;
				GCC_WARN_UNUSED_FUNCTION = YES;
				GCC_WARN_UNUSED_VARIABLE = YES;
				IPHONEOS_DEPLOYMENT_TARGET = 16.2;
				MTL_ENABLE_DEBUG_INFO = INCLUDE_SOURCE;
				MTL_FAST_MATH = YES;
				ONLY_ACTIVE_ARCH = YES;
				SDKROOT = iphoneos;
				SWIFT_ACTIVE_COMPILATION_CONDITIONS = DEBUG;
				SWIFT_OPTIMIZATION_LEVEL = "-Onone";
			};
			name = Debug;
		};
		5DF82FBF29C913B500646152 /* Release */ = {
			isa = XCBuildConfiguration;
			buildSettings = {
				ALWAYS_SEARCH_USER_PATHS = NO;
				CLANG_ANALYZER_NONNULL = YES;
				CLANG_ANALYZER_NUMBER_OBJECT_CONVERSION = YES_AGGRESSIVE;
				CLANG_CXX_LANGUAGE_STANDARD = "gnu++20";
				CLANG_ENABLE_MODULES = YES;
				CLANG_ENABLE_OBJC_ARC = YES;
				CLANG_ENABLE_OBJC_WEAK = YES;
				CLANG_WARN_BLOCK_CAPTURE_AUTORELEASING = YES;
				CLANG_WARN_BOOL_CONVERSION = YES;
				CLANG_WARN_COMMA = YES;
				CLANG_WARN_CONSTANT_CONVERSION = YES;
				CLANG_WARN_DEPRECATED_OBJC_IMPLEMENTATIONS = YES;
				CLANG_WARN_DIRECT_OBJC_ISA_USAGE = YES_ERROR;
				CLANG_WARN_DOCUMENTATION_COMMENTS = YES;
				CLANG_WARN_EMPTY_BODY = YES;
				CLANG_WARN_ENUM_CONVERSION = YES;
				CLANG_WARN_INFINITE_RECURSION = YES;
				CLANG_WARN_INT_CONVERSION = YES;
				CLANG_WARN_NON_LITERAL_NULL_CONVERSION = YES;
				CLANG_WARN_OBJC_IMPLICIT_RETAIN_SELF = YES;
				CLANG_WARN_OBJC_LITERAL_CONVERSION = YES;
				CLANG_WARN_OBJC_ROOT_CLASS = YES_ERROR;
				CLANG_WARN_QUOTED_INCLUDE_IN_FRAMEWORK_HEADER = YES;
				CLANG_WARN_RANGE_LOOP_ANALYSIS = YES;
				CLANG_WARN_STRICT_PROTOTYPES = YES;
				CLANG_WARN_SUSPICIOUS_MOVE = YES;
				CLANG_WARN_UNGUARDED_AVAILABILITY = YES_AGGRESSIVE;
				CLANG_WARN_UNREACHABLE_CODE = YES;
				CLANG_WARN__DUPLICATE_METHOD_MATCH = YES;
				COPY_PHASE_STRIP = NO;
				DEBUG_INFORMATION_FORMAT = "dwarf-with-dsym";
				ENABLE_NS_ASSERTIONS = NO;
				ENABLE_STRICT_OBJC_MSGSEND = YES;
				GCC_C_LANGUAGE_STANDARD = gnu11;
				GCC_NO_COMMON_BLOCKS = YES;
				GCC_WARN_64_TO_32_BIT_CONVERSION = YES;
				GCC_WARN_ABOUT_RETURN_TYPE = YES_ERROR;
				GCC_WARN_UNDECLARED_SELECTOR = YES;
				GCC_WARN_UNINITIALIZED_AUTOS = YES_AGGRESSIVE;
				GCC_WARN_UNUSED_FUNCTION = YES;
				GCC_WARN_UNUSED_VARIABLE = YES;
				IPHONEOS_DEPLOYMENT_TARGET = 16.2;
				MTL_ENABLE_DEBUG_INFO = NO;
				MTL_FAST_MATH = YES;
				SDKROOT = iphoneos;
				SWIFT_COMPILATION_MODE = wholemodule;
				SWIFT_OPTIMIZATION_LEVEL = "-O";
				VALIDATE_PRODUCT = YES;
			};
			name = Release;
		};
		5DF82FC129C913B500646152 /* Debug */ = {
			isa = XCBuildConfiguration;
			buildSettings = {
				ASSETCATALOG_COMPILER_APPICON_NAME = AppIcon;
				ASSETCATALOG_COMPILER_GLOBAL_ACCENT_COLOR_NAME = AccentColor;
				CODE_SIGN_STYLE = Automatic;
				CURRENT_PROJECT_VERSION = 1;
				DEVELOPMENT_TEAM = "";
				GENERATE_INFOPLIST_FILE = YES;
				INFOPLIST_FILE = "NBA Stat Tracker/Info.plist";
				INFOPLIST_KEY_UIApplicationSupportsIndirectInputEvents = YES;
				INFOPLIST_KEY_UILaunchStoryboardName = LaunchScreen;
				INFOPLIST_KEY_UIMainStoryboardFile = Main;
				INFOPLIST_KEY_UISupportedInterfaceOrientations_iPad = "UIInterfaceOrientationPortrait UIInterfaceOrientationPortraitUpsideDown UIInterfaceOrientationLandscapeLeft UIInterfaceOrientationLandscapeRight";
				INFOPLIST_KEY_UISupportedInterfaceOrientations_iPhone = "UIInterfaceOrientationPortrait UIInterfaceOrientationLandscapeLeft UIInterfaceOrientationLandscapeRight";
				IPHONEOS_DEPLOYMENT_TARGET = 16.0;
				LD_RUNPATH_SEARCH_PATHS = (
					"$(inherited)",
					"@executable_path/Frameworks",
				);
				MARKETING_VERSION = 1.0;
				PRODUCT_BUNDLE_IDENTIFIER = "com.rickywong.NBA-Stat-Tracker";
				PRODUCT_NAME = "$(TARGET_NAME)";
				SWIFT_EMIT_LOC_STRINGS = YES;
				SWIFT_VERSION = 5.0;
				TARGETED_DEVICE_FAMILY = "1,2";
			};
			name = Debug;
		};
		5DF82FC229C913B500646152 /* Release */ = {
			isa = XCBuildConfiguration;
			buildSettings = {
				ASSETCATALOG_COMPILER_APPICON_NAME = AppIcon;
				ASSETCATALOG_COMPILER_GLOBAL_ACCENT_COLOR_NAME = AccentColor;
				CODE_SIGN_STYLE = Automatic;
				CURRENT_PROJECT_VERSION = 1;
				DEVELOPMENT_TEAM = "";
				GENERATE_INFOPLIST_FILE = YES;
				INFOPLIST_FILE = "NBA Stat Tracker/Info.plist";
				INFOPLIST_KEY_UIApplicationSupportsIndirectInputEvents = YES;
				INFOPLIST_KEY_UILaunchStoryboardName = LaunchScreen;
				INFOPLIST_KEY_UIMainStoryboardFile = Main;
				INFOPLIST_KEY_UISupportedInterfaceOrientations_iPad = "UIInterfaceOrientationPortrait UIInterfaceOrientationPortraitUpsideDown UIInterfaceOrientationLandscapeLeft UIInterfaceOrientationLandscapeRight";
				INFOPLIST_KEY_UISupportedInterfaceOrientations_iPhone = "UIInterfaceOrientationPortrait UIInterfaceOrientationLandscapeLeft UIInterfaceOrientationLandscapeRight";
				IPHONEOS_DEPLOYMENT_TARGET = 16.0;
				LD_RUNPATH_SEARCH_PATHS = (
					"$(inherited)",
					"@executable_path/Frameworks",
				);
				MARKETING_VERSION = 1.0;
				PRODUCT_BUNDLE_IDENTIFIER = "com.rickywong.NBA-Stat-Tracker";
				PRODUCT_NAME = "$(TARGET_NAME)";
				SWIFT_EMIT_LOC_STRINGS = YES;
				SWIFT_VERSION = 5.0;
				TARGETED_DEVICE_FAMILY = "1,2";
			};
			name = Release;
		};
/* End XCBuildConfiguration section */

/* Begin XCConfigurationList section */
		5DF82FA729C913B400646152 /* Build configuration list for PBXProject "NBA Stat Tracker" */ = {
			isa = XCConfigurationList;
			buildConfigurations = (
				5DF82FBE29C913B500646152 /* Debug */,
				5DF82FBF29C913B500646152 /* Release */,
			);
			defaultConfigurationIsVisible = 0;
			defaultConfigurationName = Release;
		};
		5DF82FC029C913B500646152 /* Build configuration list for PBXNativeTarget "NBA Stat Tracker" */ = {
			isa = XCConfigurationList;
			buildConfigurations = (
				5DF82FC129C913B500646152 /* Debug */,
				5DF82FC229C913B500646152 /* Release */,
			);
			defaultConfigurationIsVisible = 0;
			defaultConfigurationName = Release;
		};
/* End XCConfigurationList section */

/* Begin XCRemoteSwiftPackageReference section */
		490F0BC729E48A52003F4921 /* XCRemoteSwiftPackageReference "Nuke" */ = {
			isa = XCRemoteSwiftPackageReference;
			repositoryURL = "https://github.com/kean/Nuke.git";
			requirement = {
				kind = upToNextMajorVersion;
				minimumVersion = 9.0.0;
			};
		};
/* End XCRemoteSwiftPackageReference section */

/* Begin XCSwiftPackageProductDependency section */
		490F0BC829E48A52003F4921 /* Nuke */ = {
			isa = XCSwiftPackageProductDependency;
			package = 490F0BC729E48A52003F4921 /* XCRemoteSwiftPackageReference "Nuke" */;
			productName = Nuke;
		};
/* End XCSwiftPackageProductDependency section */
	};
	rootObject = 5DF82FA429C913B400646152 /* Project object */;
}
